// !$*UTF8*$!
{
	archiveVersion = 1;
	classes = {
	};
	objectVersion = 51;
	objects = {

/* Begin PBXBuildFile section */
		03FA261CC73C9639409CEEDE /* Pods_iOSCodeBattle.framework in Frameworks */ = {isa = PBXBuildFile; fileRef = E25455D42FBC88B61C6EE075 /* Pods_iOSCodeBattle.framework */; };
		ABB66D792351BF0100A9984F /* UploadPictureViewController.swift in Sources */ = {isa = PBXBuildFile; fileRef = ABB66D782351BF0100A9984F /* UploadPictureViewController.swift */; };
		ABB66D7B2351C6E800A9984F /* UploadPictureViewControllerViewModel.swift in Sources */ = {isa = PBXBuildFile; fileRef = ABB66D7A2351C6E800A9984F /* UploadPictureViewControllerViewModel.swift */; };
		ABB66D832352372500A9984F /* GoogleService-Info.plist in Resources */ = {isa = PBXBuildFile; fileRef = ABB66D822352372500A9984F /* GoogleService-Info.plist */; };
		ABB66D8523524B5700A9984F /* PaddingTextField.swift in Sources */ = {isa = PBXBuildFile; fileRef = ABB66D8423524B5700A9984F /* PaddingTextField.swift */; };
		ABF542A32351B41A00FE69E8 /* AppDelegate.swift in Sources */ = {isa = PBXBuildFile; fileRef = ABF542A22351B41A00FE69E8 /* AppDelegate.swift */; };
		ABF542A52351B41A00FE69E8 /* SceneDelegate.swift in Sources */ = {isa = PBXBuildFile; fileRef = ABF542A42351B41A00FE69E8 /* SceneDelegate.swift */; };
		ABF542A72351B41A00FE69E8 /* ContentView.swift in Sources */ = {isa = PBXBuildFile; fileRef = ABF542A62351B41A00FE69E8 /* ContentView.swift */; };
		ABF542A92351B41B00FE69E8 /* Assets.xcassets in Resources */ = {isa = PBXBuildFile; fileRef = ABF542A82351B41B00FE69E8 /* Assets.xcassets */; };
		ABF542AC2351B41B00FE69E8 /* Preview Assets.xcassets in Resources */ = {isa = PBXBuildFile; fileRef = ABF542AB2351B41B00FE69E8 /* Preview Assets.xcassets */; };
		ABF542AF2351B41B00FE69E8 /* LaunchScreen.storyboard in Resources */ = {isa = PBXBuildFile; fileRef = ABF542AD2351B41B00FE69E8 /* LaunchScreen.storyboard */; };
/* End PBXBuildFile section */

/* Begin PBXFileReference section */
		75FE923499E37A2E700E0C3B /* Pods-iOSCodeBattle.debug.xcconfig */ = {isa = PBXFileReference; includeInIndex = 1; lastKnownFileType = text.xcconfig; name = "Pods-iOSCodeBattle.debug.xcconfig"; path = "Target Support Files/Pods-iOSCodeBattle/Pods-iOSCodeBattle.debug.xcconfig"; sourceTree = "<group>"; };
		ABB66D782351BF0100A9984F /* UploadPictureViewController.swift */ = {isa = PBXFileReference; lastKnownFileType = sourcecode.swift; path = UploadPictureViewController.swift; sourceTree = "<group>"; };
		ABB66D7A2351C6E800A9984F /* UploadPictureViewControllerViewModel.swift */ = {isa = PBXFileReference; lastKnownFileType = sourcecode.swift; path = UploadPictureViewControllerViewModel.swift; sourceTree = "<group>"; };
		ABB66D822352372500A9984F /* GoogleService-Info.plist */ = {isa = PBXFileReference; fileEncoding = 4; lastKnownFileType = text.plist.xml; path = "GoogleService-Info.plist"; sourceTree = "<group>"; };
		ABB66D8423524B5700A9984F /* PaddingTextField.swift */ = {isa = PBXFileReference; lastKnownFileType = sourcecode.swift; path = PaddingTextField.swift; sourceTree = "<group>"; };
		ABF5429F2351B41A00FE69E8 /* iOSCodeBattle.app */ = {isa = PBXFileReference; explicitFileType = wrapper.application; includeInIndex = 0; path = iOSCodeBattle.app; sourceTree = BUILT_PRODUCTS_DIR; };
		ABF542A22351B41A00FE69E8 /* AppDelegate.swift */ = {isa = PBXFileReference; lastKnownFileType = sourcecode.swift; path = AppDelegate.swift; sourceTree = "<group>"; };
		ABF542A42351B41A00FE69E8 /* SceneDelegate.swift */ = {isa = PBXFileReference; lastKnownFileType = sourcecode.swift; path = SceneDelegate.swift; sourceTree = "<group>"; };
		ABF542A62351B41A00FE69E8 /* ContentView.swift */ = {isa = PBXFileReference; lastKnownFileType = sourcecode.swift; path = ContentView.swift; sourceTree = "<group>"; };
		ABF542A82351B41B00FE69E8 /* Assets.xcassets */ = {isa = PBXFileReference; lastKnownFileType = folder.assetcatalog; path = Assets.xcassets; sourceTree = "<group>"; };
		ABF542AB2351B41B00FE69E8 /* Preview Assets.xcassets */ = {isa = PBXFileReference; lastKnownFileType = folder.assetcatalog; path = "Preview Assets.xcassets"; sourceTree = "<group>"; };
		ABF542AE2351B41B00FE69E8 /* Base */ = {isa = PBXFileReference; lastKnownFileType = file.storyboard; name = Base; path = Base.lproj/LaunchScreen.storyboard; sourceTree = "<group>"; };
		ABF542B02351B41B00FE69E8 /* Info.plist */ = {isa = PBXFileReference; lastKnownFileType = text.plist.xml; path = Info.plist; sourceTree = "<group>"; };
		C1D08AA9339274B3A200D4C6 /* Pods-iOSCodeBattle.release.xcconfig */ = {isa = PBXFileReference; includeInIndex = 1; lastKnownFileType = text.xcconfig; name = "Pods-iOSCodeBattle.release.xcconfig"; path = "Target Support Files/Pods-iOSCodeBattle/Pods-iOSCodeBattle.release.xcconfig"; sourceTree = "<group>"; };
		E25455D42FBC88B61C6EE075 /* Pods_iOSCodeBattle.framework */ = {isa = PBXFileReference; explicitFileType = wrapper.framework; includeInIndex = 0; path = Pods_iOSCodeBattle.framework; sourceTree = BUILT_PRODUCTS_DIR; };
/* End PBXFileReference section */

/* Begin PBXFrameworksBuildPhase section */
		ABF5429C2351B41A00FE69E8 /* Frameworks */ = {
			isa = PBXFrameworksBuildPhase;
			buildActionMask = 2147483647;
			files = (
				03FA261CC73C9639409CEEDE /* Pods_iOSCodeBattle.framework in Frameworks */,
			);
			runOnlyForDeploymentPostprocessing = 0;
		};
/* End PBXFrameworksBuildPhase section */

/* Begin PBXGroup section */
		54D544B97FD73EE9847A1468 /* Frameworks */ = {
			isa = PBXGroup;
			children = (
				E25455D42FBC88B61C6EE075 /* Pods_iOSCodeBattle.framework */,
			);
			name = Frameworks;
			sourceTree = "<group>";
		};
		ABF542962351B41A00FE69E8 = {
			isa = PBXGroup;
			children = (
				ABF542A12351B41A00FE69E8 /* iOSCodeBattle */,
				ABF542A02351B41A00FE69E8 /* Products */,
				E4162963F2EBECA60B0501A3 /* Pods */,
				54D544B97FD73EE9847A1468 /* Frameworks */,
			);
			sourceTree = "<group>";
		};
		ABF542A02351B41A00FE69E8 /* Products */ = {
			isa = PBXGroup;
			children = (
				ABF5429F2351B41A00FE69E8 /* iOSCodeBattle.app */,
			);
			name = Products;
			sourceTree = "<group>";
		};
		ABF542A12351B41A00FE69E8 /* iOSCodeBattle */ = {
			isa = PBXGroup;
			children = (
				ABF542A22351B41A00FE69E8 /* AppDelegate.swift */,
				ABF542A42351B41A00FE69E8 /* SceneDelegate.swift */,
				ABF542A62351B41A00FE69E8 /* ContentView.swift */,
				ABF542A82351B41B00FE69E8 /* Assets.xcassets */,
				ABF542AD2351B41B00FE69E8 /* LaunchScreen.storyboard */,
				ABF542B02351B41B00FE69E8 /* Info.plist */,
				ABF542AA2351B41B00FE69E8 /* Preview Content */,
				ABB66D782351BF0100A9984F /* UploadPictureViewController.swift */,
				ABB66D7A2351C6E800A9984F /* UploadPictureViewControllerViewModel.swift */,
				ABB66D8423524B5700A9984F /* PaddingTextField.swift */,
				ABB66D822352372500A9984F /* GoogleService-Info.plist */,
			);
			path = iOSCodeBattle;
			sourceTree = "<group>";
		};
		ABF542AA2351B41B00FE69E8 /* Preview Content */ = {
			isa = PBXGroup;
			children = (
				ABF542AB2351B41B00FE69E8 /* Preview Assets.xcassets */,
			);
			path = "Preview Content";
			sourceTree = "<group>";
		};
		E4162963F2EBECA60B0501A3 /* Pods */ = {
			isa = PBXGroup;
			children = (
				75FE923499E37A2E700E0C3B /* Pods-iOSCodeBattle.debug.xcconfig */,
				C1D08AA9339274B3A200D4C6 /* Pods-iOSCodeBattle.release.xcconfig */,
			);
			path = Pods;
			sourceTree = "<group>";
		};
/* End PBXGroup section */

/* Begin PBXNativeTarget section */
		ABF5429E2351B41A00FE69E8 /* iOSCodeBattle */ = {
			isa = PBXNativeTarget;
			buildConfigurationList = ABF542B32351B41B00FE69E8 /* Build configuration list for PBXNativeTarget "iOSCodeBattle" */;
			buildPhases = (
				368BDE47810D10B1F6F7B2F0 /* [CP] Check Pods Manifest.lock */,
				ABF5429B2351B41A00FE69E8 /* Sources */,
				ABF5429C2351B41A00FE69E8 /* Frameworks */,
				ABF5429D2351B41A00FE69E8 /* Resources */,
				5322AB2444994C73915B67E8 /* [CP] Embed Pods Frameworks */,
			);
			buildRules = (
			);
			dependencies = (
			);
			name = iOSCodeBattle;
			productName = iOSCodeBattle;
			productReference = ABF5429F2351B41A00FE69E8 /* iOSCodeBattle.app */;
			productType = "com.apple.product-type.application";
		};
/* End PBXNativeTarget section */

/* Begin PBXProject section */
		ABF542972351B41A00FE69E8 /* Project object */ = {
			isa = PBXProject;
			attributes = {
				LastSwiftUpdateCheck = 1110;
				LastUpgradeCheck = 1110;
				TargetAttributes = {
					ABF5429E2351B41A00FE69E8 = {
						CreatedOnToolsVersion = 11.1;
					};
				};
			};
			buildConfigurationList = ABF5429A2351B41A00FE69E8 /* Build configuration list for PBXProject "iOSCodeBattle" */;
			compatibilityVersion = "Xcode 9.3";
			developmentRegion = en;
			hasScannedForEncodings = 0;
			knownRegions = (
				en,
				Base,
			);
			mainGroup = ABF542962351B41A00FE69E8;
			productRefGroup = ABF542A02351B41A00FE69E8 /* Products */;
			projectDirPath = "";
			projectRoot = "";
			targets = (
				ABF5429E2351B41A00FE69E8 /* iOSCodeBattle */,
			);
		};
/* End PBXProject section */

/* Begin PBXResourcesBuildPhase section */
		ABF5429D2351B41A00FE69E8 /* Resources */ = {
			isa = PBXResourcesBuildPhase;
			buildActionMask = 2147483647;
			files = (
				ABF542AF2351B41B00FE69E8 /* LaunchScreen.storyboard in Resources */,
				ABB66D832352372500A9984F /* GoogleService-Info.plist in Resources */,
				ABF542AC2351B41B00FE69E8 /* Preview Assets.xcassets in Resources */,
				ABF542A92351B41B00FE69E8 /* Assets.xcassets in Resources */,
			);
			runOnlyForDeploymentPostprocessing = 0;
		};
/* End PBXResourcesBuildPhase section */

/* Begin PBXShellScriptBuildPhase section */
		368BDE47810D10B1F6F7B2F0 /* [CP] Check Pods Manifest.lock */ = {
			isa = PBXShellScriptBuildPhase;
			buildActionMask = 2147483647;
			files = (
			);
			inputFileListPaths = (
			);
			inputPaths = (
				"${PODS_PODFILE_DIR_PATH}/Podfile.lock",
				"${PODS_ROOT}/Manifest.lock",
			);
			name = "[CP] Check Pods Manifest.lock";
			outputFileListPaths = (
			);
			outputPaths = (
				"$(DERIVED_FILE_DIR)/Pods-iOSCodeBattle-checkManifestLockResult.txt",
			);
			runOnlyForDeploymentPostprocessing = 0;
			shellPath = /bin/sh;
			shellScript = "diff \"${PODS_PODFILE_DIR_PATH}/Podfile.lock\" \"${PODS_ROOT}/Manifest.lock\" > /dev/null\nif [ $? != 0 ] ; then\n    # print error to STDERR\n    echo \"error: The sandbox is not in sync with the Podfile.lock. Run 'pod install' or update your CocoaPods installation.\" >&2\n    exit 1\nfi\n# This output is used by Xcode 'outputs' to avoid re-running this script phase.\necho \"SUCCESS\" > \"${SCRIPT_OUTPUT_FILE_0}\"\n";
			showEnvVarsInLog = 0;
		};
		5322AB2444994C73915B67E8 /* [CP] Embed Pods Frameworks */ = {
			isa = PBXShellScriptBuildPhase;
			buildActionMask = 2147483647;
			files = (
			);
			inputFileListPaths = (
				"${PODS_ROOT}/Target Support Files/Pods-iOSCodeBattle/Pods-iOSCodeBattle-frameworks-${CONFIGURATION}-input-files.xcfilelist",
			);
			name = "[CP] Embed Pods Frameworks";
			outputFileListPaths = (
				"${PODS_ROOT}/Target Support Files/Pods-iOSCodeBattle/Pods-iOSCodeBattle-frameworks-${CONFIGURATION}-output-files.xcfilelist",
			);
			runOnlyForDeploymentPostprocessing = 0;
			shellPath = /bin/sh;
			shellScript = "\"${PODS_ROOT}/Target Support Files/Pods-iOSCodeBattle/Pods-iOSCodeBattle-frameworks.sh\"\n";
			showEnvVarsInLog = 0;
		};
/* End PBXShellScriptBuildPhase section */

/* Begin PBXSourcesBuildPhase section */
		ABF5429B2351B41A00FE69E8 /* Sources */ = {
			isa = PBXSourcesBuildPhase;
			buildActionMask = 2147483647;
			files = (
				ABB66D792351BF0100A9984F /* UploadPictureViewController.swift in Sources */,
				ABF542A32351B41A00FE69E8 /* AppDelegate.swift in Sources */,
				ABF542A52351B41A00FE69E8 /* SceneDelegate.swift in Sources */,
				ABB66D8523524B5700A9984F /* PaddingTextField.swift in Sources */,
				ABF542A72351B41A00FE69E8 /* ContentView.swift in Sources */,
				ABB66D7B2351C6E800A9984F /* UploadPictureViewControllerViewModel.swift in Sources */,
			);
			runOnlyForDeploymentPostprocessing = 0;
		};
/* End PBXSourcesBuildPhase section */

/* Begin PBXVariantGroup section */
		ABF542AD2351B41B00FE69E8 /* LaunchScreen.storyboard */ = {
			isa = PBXVariantGroup;
			children = (
				ABF542AE2351B41B00FE69E8 /* Base */,
			);
			name = LaunchScreen.storyboard;
			sourceTree = "<group>";
		};
/* End PBXVariantGroup section */

/* Begin XCBuildConfiguration section */
		ABF542B12351B41B00FE69E8 /* Debug */ = {
			isa = XCBuildConfiguration;
			buildSettings = {
				ALWAYS_SEARCH_USER_PATHS = NO;
				CLANG_ANALYZER_NONNULL = YES;
				CLANG_ANALYZER_NUMBER_OBJECT_CONVERSION = YES_AGGRESSIVE;
				CLANG_CXX_LANGUAGE_STANDARD = "gnu++14";
				CLANG_CXX_LIBRARY = "libc++";
				CLANG_ENABLE_MODULES = YES;
				CLANG_ENABLE_OBJC_ARC = YES;
				CLANG_ENABLE_OBJC_WEAK = YES;
				CLANG_WARN_BLOCK_CAPTURE_AUTORELEASING = YES;
				CLANG_WARN_BOOL_CONVERSION = YES;
				CLANG_WARN_COMMA = YES;
				CLANG_WARN_CONSTANT_CONVERSION = YES;
				CLANG_WARN_DEPRECATED_OBJC_IMPLEMENTATIONS = YES;
				CLANG_WARN_DIRECT_OBJC_ISA_USAGE = YES_ERROR;
				CLANG_WARN_DOCUMENTATION_COMMENTS = YES;
				CLANG_WARN_EMPTY_BODY = YES;
				CLANG_WARN_ENUM_CONVERSION = YES;
				CLANG_WARN_INFINITE_RECURSION = YES;
				CLANG_WARN_INT_CONVERSION = YES;
				CLANG_WARN_NON_LITERAL_NULL_CONVERSION = YES;
				CLANG_WARN_OBJC_IMPLICIT_RETAIN_SELF = YES;
				CLANG_WARN_OBJC_LITERAL_CONVERSION = YES;
				CLANG_WARN_OBJC_ROOT_CLASS = YES_ERROR;
				CLANG_WARN_RANGE_LOOP_ANALYSIS = YES;
				CLANG_WARN_STRICT_PROTOTYPES = YES;
				CLANG_WARN_SUSPICIOUS_MOVE = YES;
				CLANG_WARN_UNGUARDED_AVAILABILITY = YES_AGGRESSIVE;
				CLANG_WARN_UNREACHABLE_CODE = YES;
				CLANG_WARN__DUPLICATE_METHOD_MATCH = YES;
				COPY_PHASE_STRIP = NO;
				DEBUG_INFORMATION_FORMAT = dwarf;
				ENABLE_STRICT_OBJC_MSGSEND = YES;
				ENABLE_TESTABILITY = YES;
				GCC_C_LANGUAGE_STANDARD = gnu11;
				GCC_DYNAMIC_NO_PIC = NO;
				GCC_NO_COMMON_BLOCKS = YES;
				GCC_OPTIMIZATION_LEVEL = 0;
				GCC_PREPROCESSOR_DEFINITIONS = (
					"DEBUG=1",
					"$(inherited)",
				);
				GCC_WARN_64_TO_32_BIT_CONVERSION = YES;
				GCC_WARN_ABOUT_RETURN_TYPE = YES_ERROR;
				GCC_WARN_UNDECLARED_SELECTOR = YES;
				GCC_WARN_UNINITIALIZED_AUTOS = YES_AGGRESSIVE;
				GCC_WARN_UNUSED_FUNCTION = YES;
				GCC_WARN_UNUSED_VARIABLE = YES;
				IPHONEOS_DEPLOYMENT_TARGET = 13.1;
				MTL_ENABLE_DEBUG_INFO = INCLUDE_SOURCE;
				MTL_FAST_MATH = YES;
				ONLY_ACTIVE_ARCH = YES;
				SDKROOT = iphoneos;
				SWIFT_ACTIVE_COMPILATION_CONDITIONS = DEBUG;
				SWIFT_OPTIMIZATION_LEVEL = "-Onone";
			};
			name = Debug;
		};
		ABF542B22351B41B00FE69E8 /* Release */ = {
			isa = XCBuildConfiguration;
			buildSettings = {
				ALWAYS_SEARCH_USER_PATHS = NO;
				CLANG_ANALYZER_NONNULL = YES;
				CLANG_ANALYZER_NUMBER_OBJECT_CONVERSION = YES_AGGRESSIVE;
				CLANG_CXX_LANGUAGE_STANDARD = "gnu++14";
				CLANG_CXX_LIBRARY = "libc++";
				CLANG_ENABLE_MODULES = YES;
				CLANG_ENABLE_OBJC_ARC = YES;
				CLANG_ENABLE_OBJC_WEAK = YES;
				CLANG_WARN_BLOCK_CAPTURE_AUTORELEASING = YES;
				CLANG_WARN_BOOL_CONVERSION = YES;
				CLANG_WARN_COMMA = YES;
				CLANG_WARN_CONSTANT_CONVERSION = YES;
				CLANG_WARN_DEPRECATED_OBJC_IMPLEMENTATIONS = YES;
				CLANG_WARN_DIRECT_OBJC_ISA_USAGE = YES_ERROR;
				CLANG_WARN_DOCUMENTATION_COMMENTS = YES;
				CLANG_WARN_EMPTY_BODY = YES;
				CLANG_WARN_ENUM_CONVERSION = YES;
				CLANG_WARN_INFINITE_RECURSION = YES;
				CLANG_WARN_INT_CONVERSION = YES;
				CLANG_WARN_NON_LITERAL_NULL_CONVERSION = YES;
				CLANG_WARN_OBJC_IMPLICIT_RETAIN_SELF = YES;
				CLANG_WARN_OBJC_LITERAL_CONVERSION = YES;
				CLANG_WARN_OBJC_ROOT_CLASS = YES_ERROR;
				CLANG_WARN_RANGE_LOOP_ANALYSIS = YES;
				CLANG_WARN_STRICT_PROTOTYPES = YES;
				CLANG_WARN_SUSPICIOUS_MOVE = YES;
				CLANG_WARN_UNGUARDED_AVAILABILITY = YES_AGGRESSIVE;
				CLANG_WARN_UNREACHABLE_CODE = YES;
				CLANG_WARN__DUPLICATE_METHOD_MATCH = YES;
				COPY_PHASE_STRIP = NO;
				DEBUG_INFORMATION_FORMAT = "dwarf-with-dsym";
				ENABLE_NS_ASSERTIONS = NO;
				ENABLE_STRICT_OBJC_MSGSEND = YES;
				GCC_C_LANGUAGE_STANDARD = gnu11;
				GCC_NO_COMMON_BLOCKS = YES;
				GCC_WARN_64_TO_32_BIT_CONVERSION = YES;
				GCC_WARN_ABOUT_RETURN_TYPE = YES_ERROR;
				GCC_WARN_UNDECLARED_SELECTOR = YES;
				GCC_WARN_UNINITIALIZED_AUTOS = YES_AGGRESSIVE;
				GCC_WARN_UNUSED_FUNCTION = YES;
				GCC_WARN_UNUSED_VARIABLE = YES;
				IPHONEOS_DEPLOYMENT_TARGET = 13.1;
				MTL_ENABLE_DEBUG_INFO = NO;
				MTL_FAST_MATH = YES;
				SDKROOT = iphoneos;
				SWIFT_COMPILATION_MODE = wholemodule;
				SWIFT_OPTIMIZATION_LEVEL = "-O";
				VALIDATE_PRODUCT = YES;
			};
			name = Release;
		};
		ABF542B42351B41B00FE69E8 /* Debug */ = {
			isa = XCBuildConfiguration;
			baseConfigurationReference = 75FE923499E37A2E700E0C3B /* Pods-iOSCodeBattle.debug.xcconfig */;
			buildSettings = {
				ASSETCATALOG_COMPILER_APPICON_NAME = AppIcon;
				CODE_SIGN_STYLE = Automatic;
				DEVELOPMENT_ASSET_PATHS = "\"iOSCodeBattle/Preview Content\"";
				DEVELOPMENT_TEAM = RQ42KJQDTL;
				ENABLE_PREVIEWS = YES;
				INFOPLIST_FILE = iOSCodeBattle/Info.plist;
				IPHONEOS_DEPLOYMENT_TARGET = 13.0;
				LD_RUNPATH_SEARCH_PATHS = (
					"$(inherited)",
					"@executable_path/Frameworks",
				);
				PRODUCT_BUNDLE_IDENTIFIER = com.firebase.iOSCodeBattlez;
				PRODUCT_NAME = "$(TARGET_NAME)";
				SWIFT_VERSION = 5.0;
				TARGETED_DEVICE_FAMILY = "1,2";
			};
			name = Debug;
		};
		ABF542B52351B41B00FE69E8 /* Release */ = {
			isa = XCBuildConfiguration;
			baseConfigurationReference = C1D08AA9339274B3A200D4C6 /* Pods-iOSCodeBattle.release.xcconfig */;
			buildSettings = {
				ASSETCATALOG_COMPILER_APPICON_NAME = AppIcon;
				CODE_SIGN_STYLE = Automatic;
				DEVELOPMENT_ASSET_PATHS = "\"iOSCodeBattle/Preview Content\"";
				DEVELOPMENT_TEAM = RQ42KJQDTL;
				ENABLE_PREVIEWS = YES;
				INFOPLIST_FILE = iOSCodeBattle/Info.plist;
				IPHONEOS_DEPLOYMENT_TARGET = 13.0;
				LD_RUNPATH_SEARCH_PATHS = (
					"$(inherited)",
					"@executable_path/Frameworks",
				);
				PRODUCT_BUNDLE_IDENTIFIER = com.firebase.iOSCodeBattlez;
				PRODUCT_NAME = "$(TARGET_NAME)";
				SWIFT_VERSION = 5.0;
				TARGETED_DEVICE_FAMILY = "1,2";
			};
			name = Release;
		};
/* End XCBuildConfiguration section */

/* Begin XCConfigurationList section */
		ABF5429A2351B41A00FE69E8 /* Build configuration list for PBXProject "iOSCodeBattle" */ = {
			isa = XCConfigurationList;
			buildConfigurations = (
				ABF542B12351B41B00FE69E8 /* Debug */,
				ABF542B22351B41B00FE69E8 /* Release */,
			);
			defaultConfigurationIsVisible = 0;
			defaultConfigurationName = Release;
		};
		ABF542B32351B41B00FE69E8 /* Build configuration list for PBXNativeTarget "iOSCodeBattle" */ = {
			isa = XCConfigurationList;
			buildConfigurations = (
				ABF542B42351B41B00FE69E8 /* Debug */,
				ABF542B52351B41B00FE69E8 /* Release */,
			);
			defaultConfigurationIsVisible = 0;
			defaultConfigurationName = Release;
		};
/* End XCConfigurationList section */
	};
	rootObject = ABF542972351B41A00FE69E8 /* Project object */;
}
